
Microsoft Visual Studio Solution File, Format Version 12.00
# Visual Studio Version 16
VisualStudioVersion = 16.0.30114.105
MinimumVisualStudioVersion = 10.0.40219.1
Project("{FAE04EC0-301F-11D3-BF4B-00C04F79EFBC}") = "GitInsight", "code\GitInsight\GitInsight.csproj", "{F7C7C9C3-535E-4C6C-8021-A038028950A6}"
EndProject
Project("{FAE04EC0-301F-11D3-BF4B-00C04F79EFBC}") = "GitInsight.Test", "code\GitInsight.Test\GitInsight.Test.csproj", "{C5F927C0-1FC3-4B79-BC6E-21E584791BD7}"
EndProject
Project("{FAE04EC0-301F-11D3-BF4B-00C04F79EFBC}") = "GitInsight.WebApp", "code\GitInsight.WebApp\GitInsight.WebApp.csproj", "{30A8288F-A966-4F02-925E-A7DC5822AA1C}"
EndProject
Global
	GlobalSection(SolutionConfigurationPlatforms) = preSolution
		Debug|Any CPU = Debug|Any CPU
		Release|Any CPU = Release|Any CPU
	EndGlobalSection
	GlobalSection(SolutionProperties) = preSolution
		HideSolutionNode = FALSE
	EndGlobalSection
	GlobalSection(ProjectConfigurationPlatforms) = postSolution
		{F7C7C9C3-535E-4C6C-8021-A038028950A6}.Debug|Any CPU.ActiveCfg = Debug|Any CPU
		{F7C7C9C3-535E-4C6C-8021-A038028950A6}.Debug|Any CPU.Build.0 = Debug|Any CPU
		{F7C7C9C3-535E-4C6C-8021-A038028950A6}.Release|Any CPU.ActiveCfg = Release|Any CPU
		{F7C7C9C3-535E-4C6C-8021-A038028950A6}.Release|Any CPU.Build.0 = Release|Any CPU
		{C5F927C0-1FC3-4B79-BC6E-21E584791BD7}.Debug|Any CPU.ActiveCfg = Debug|Any CPU
		{C5F927C0-1FC3-4B79-BC6E-21E584791BD7}.Debug|Any CPU.Build.0 = Debug|Any CPU
		{C5F927C0-1FC3-4B79-BC6E-21E584791BD7}.Release|Any CPU.ActiveCfg = Release|Any CPU
		{C5F927C0-1FC3-4B79-BC6E-21E584791BD7}.Release|Any CPU.Build.0 = Release|Any CPU
		{30A8288F-A966-4F02-925E-A7DC5822AA1C}.Debug|Any CPU.ActiveCfg = Debug|Any CPU
		{30A8288F-A966-4F02-925E-A7DC5822AA1C}.Debug|Any CPU.Build.0 = Debug|Any CPU
		{30A8288F-A966-4F02-925E-A7DC5822AA1C}.Release|Any CPU.ActiveCfg = Release|Any CPU
		{30A8288F-A966-4F02-925E-A7DC5822AA1C}.Release|Any CPU.Build.0 = Release|Any CPU
	EndGlobalSection
	GlobalSection(NestedProjects) = preSolution
		{30A8288F-A966-4F02-925E-A7DC5822AA1C} = {71BC2ACC-1212-4563-AB4D-6DA5DDCEF547}
	EndGlobalSection
EndGlobal
