
Microsoft Visual Studio Solution File, Format Version 12.00
# Visual Studio Version 16
VisualStudioVersion = 16.0.30114.105
MinimumVisualStudioVersion = 10.0.40219.1
Project("{FAE04EC0-301F-11D3-BF4B-00C04F79EFBC}") = "GitInsight", "GitInsight\GitInsight.csproj", "{1180CA43-5509-4EEA-A98C-C6DDD66F2BE6}"
EndProject
Project("{FAE04EC0-301F-11D3-BF4B-00C04F79EFBC}") = "GitInsight.Tests", "GitInsight.Tests\GitInsight.Tests.csproj", "{D9D438C8-D21E-4BCB-8597-D37777ECDB69}"
EndProject
Global
	GlobalSection(SolutionConfigurationPlatforms) = preSolution
		Debug|Any CPU = Debug|Any CPU
		Release|Any CPU = Release|Any CPU
	EndGlobalSection
	GlobalSection(SolutionProperties) = preSolution
		HideSolutionNode = FALSE
	EndGlobalSection
	GlobalSection(ProjectConfigurationPlatforms) = postSolution
		{1180CA43-5509-4EEA-A98C-C6DDD66F2BE6}.Debug|Any CPU.ActiveCfg = Debug|Any CPU
		{1180CA43-5509-4EEA-A98C-C6DDD66F2BE6}.Debug|Any CPU.Build.0 = Debug|Any CPU
		{1180CA43-5509-4EEA-A98C-C6DDD66F2BE6}.Release|Any CPU.ActiveCfg = Release|Any CPU
		{1180CA43-5509-4EEA-A98C-C6DDD66F2BE6}.Release|Any CPU.Build.0 = Release|Any CPU
		{D9D438C8-D21E-4BCB-8597-D37777ECDB69}.Debug|Any CPU.ActiveCfg = Debug|Any CPU
		{D9D438C8-D21E-4BCB-8597-D37777ECDB69}.Debug|Any CPU.Build.0 = Debug|Any CPU
		{D9D438C8-D21E-4BCB-8597-D37777ECDB69}.Release|Any CPU.ActiveCfg = Release|Any CPU
		{D9D438C8-D21E-4BCB-8597-D37777ECDB69}.Release|Any CPU.Build.0 = Release|Any CPU
	EndGlobalSection
EndGlobal
